
Microsoft Visual Studio Solution File, Format Version 12.00
# Visual Studio Version 16
VisualStudioVersion = 16.0.32630.194
MinimumVisualStudioVersion = 10.0.40219.1
Project("{FAE04EC0-301F-11D3-BF4B-00C04F79EFBC}") = "ConsoleApp61", "ConsoleApp61.csproj", "{98E80FC1-7F72-42D9-98C2-A04CAF898E70}"
EndProject
Global
	GlobalSection(SolutionConfigurationPlatforms) = preSolution
		Debug|Any CPU = Debug|Any CPU
		Release|Any CPU = Release|Any CPU
	EndGlobalSection
	GlobalSection(ProjectConfigurationPlatforms) = postSolution
		{98E80FC1-7F72-42D9-98C2-A04CAF898E70}.Debug|Any CPU.ActiveCfg = Debug|Any CPU
		{98E80FC1-7F72-42D9-98C2-A04CAF898E70}.Debug|Any CPU.Build.0 = Debug|Any CPU
		{98E80FC1-7F72-42D9-98C2-A04CAF898E70}.Release|Any CPU.ActiveCfg = Release|Any CPU
		{98E80FC1-7F72-42D9-98C2-A04CAF898E70}.Release|Any CPU.Build.0 = Release|Any CPU
	EndGlobalSection
	GlobalSection(SolutionProperties) = preSolution
		HideSolutionNode = FALSE
	EndGlobalSection
	GlobalSection(ExtensibilityGlobals) = postSolution
		SolutionGuid = {FFAE87BA-458E-4049-BC15-9F8BC94F22DF}
	EndGlobalSection
EndGlobal
